// !$*UTF8*$!
{
	archiveVersion = 1;
	classes = {
	};
	objectVersion = 55;
	objects = {

/* Begin PBXBuildFile section */
		BE16128B53C3034FCEEE39D9 /* Pods_Bankpf.framework in Frameworks */ = {isa = PBXBuildFile; fileRef = 94FD336EE1B471A60D5EF0E1 /* Pods_Bankpf.framework */; };
		F82B4FBC2835B648003236A0 /* TermsPolicy.swift in Sources */ = {isa = PBXBuildFile; fileRef = F82B4FBB2835B648003236A0 /* TermsPolicy.swift */; };
		F82B4FBE2835C8A8003236A0 /* CreateAccount.swift in Sources */ = {isa = PBXBuildFile; fileRef = F82B4FBD2835C8A8003236A0 /* CreateAccount.swift */; };
		F82B4FC02835C8DC003236A0 /* ClientBankpf.swift in Sources */ = {isa = PBXBuildFile; fileRef = F82B4FBF2835C8DC003236A0 /* ClientBankpf.swift */; };
		F82D368D2833C53C009405C7 /* Buttons.swift in Sources */ = {isa = PBXBuildFile; fileRef = F82D368C2833C53C009405C7 /* Buttons.swift */; };
		F83DB307283C375200708F3D /* TextField.swift in Sources */ = {isa = PBXBuildFile; fileRef = F83DB306283C375200708F3D /* TextField.swift */; };
		F83DB309283C54DD00708F3D /* EsqueciSenha.swift in Sources */ = {isa = PBXBuildFile; fileRef = F83DB308283C54DD00708F3D /* EsqueciSenha.swift */; };
		F83DB30B283C5CCD00708F3D /* SuccessSenha.swift in Sources */ = {isa = PBXBuildFile; fileRef = F83DB30A283C5CCD00708F3D /* SuccessSenha.swift */; };
		F83DB30D283C5CEC00708F3D /* ErrorAccount.swift in Sources */ = {isa = PBXBuildFile; fileRef = F83DB30C283C5CEC00708F3D /* ErrorAccount.swift */; };
		F83E88332833079D00163411 /* AppDelegate.swift in Sources */ = {isa = PBXBuildFile; fileRef = F83E88322833079D00163411 /* AppDelegate.swift */; };
		F83E88352833079D00163411 /* SceneDelegate.swift in Sources */ = {isa = PBXBuildFile; fileRef = F83E88342833079D00163411 /* SceneDelegate.swift */; };
		F83E88372833079D00163411 /* Splash.swift in Sources */ = {isa = PBXBuildFile; fileRef = F83E88362833079D00163411 /* Splash.swift */; };
		F83E883A2833079D00163411 /* Main.storyboard in Resources */ = {isa = PBXBuildFile; fileRef = F83E88382833079D00163411 /* Main.storyboard */; };
		F83E883C2833079F00163411 /* Assets.xcassets in Resources */ = {isa = PBXBuildFile; fileRef = F83E883B2833079F00163411 /* Assets.xcassets */; };
		F83E883F2833079F00163411 /* LaunchScreen.storyboard in Resources */ = {isa = PBXBuildFile; fileRef = F83E883D2833079F00163411 /* LaunchScreen.storyboard */; };
		F843A85C28330E99000BD260 /* Colors.swift in Sources */ = {isa = PBXBuildFile; fileRef = F843A85B28330E99000BD260 /* Colors.swift */; };
		F85A94E82837D4E500DD3783 /* Images.swift in Sources */ = {isa = PBXBuildFile; fileRef = F85A94E72837D4E500DD3783 /* Images.swift */; };
		F85A94EA2837D52D00DD3783 /* CollectionViewCell.swift in Sources */ = {isa = PBXBuildFile; fileRef = F85A94E92837D52D00DD3783 /* CollectionViewCell.swift */; };
		F8A4951A283308BD007F0CFE /* PreLogin.swift in Sources */ = {isa = PBXBuildFile; fileRef = F8A49519283308BD007F0CFE /* PreLogin.swift */; };
		F8AE1DA72840734A00774DDB /* ValidatesAccount.swift in Sources */ = {isa = PBXBuildFile; fileRef = F8AE1DA62840734A00774DDB /* ValidatesAccount.swift */; };
		F8AE1DAB284076C000774DDB /* SuccessCreateAccount.swift in Sources */ = {isa = PBXBuildFile; fileRef = F8AE1DAA284076C000774DDB /* SuccessCreateAccount.swift */; };
		F8DF12F5284042D400856212 /* PorqueDados.swift in Sources */ = {isa = PBXBuildFile; fileRef = F8DF12F4284042D400856212 /* PorqueDados.swift */; };
		F8E62709283F170000DA1FEF /* TextFieldSenhas.swift in Sources */ = {isa = PBXBuildFile; fileRef = F8E62708283F170000DA1FEF /* TextFieldSenhas.swift */; };
		F8F6FDBA28333034001B4338 /* Transferencias.swift in Sources */ = {isa = PBXBuildFile; fileRef = F8F6FDB928333034001B4338 /* Transferencias.swift */; };
		F8F6FDBC28333066001B4338 /* SobreNos.swift in Sources */ = {isa = PBXBuildFile; fileRef = F8F6FDBB28333066001B4338 /* SobreNos.swift */; };
		F8F6FDBE28333089001B4338 /* Agencias.swift in Sources */ = {isa = PBXBuildFile; fileRef = F8F6FDBD28333089001B4338 /* Agencias.swift */; };
/* End PBXBuildFile section */

/* Begin PBXFileReference section */
		94FD336EE1B471A60D5EF0E1 /* Pods_Bankpf.framework */ = {isa = PBXFileReference; explicitFileType = wrapper.framework; includeInIndex = 0; path = Pods_Bankpf.framework; sourceTree = BUILT_PRODUCTS_DIR; };
		ABA36F5B84526A704618C80F /* Pods-Bankpf.release.xcconfig */ = {isa = PBXFileReference; includeInIndex = 1; lastKnownFileType = text.xcconfig; name = "Pods-Bankpf.release.xcconfig"; path = "Target Support Files/Pods-Bankpf/Pods-Bankpf.release.xcconfig"; sourceTree = "<group>"; };
		C50E7AC751586CA4EB17DF4D /* Pods-Bankpf.debug.xcconfig */ = {isa = PBXFileReference; includeInIndex = 1; lastKnownFileType = text.xcconfig; name = "Pods-Bankpf.debug.xcconfig"; path = "Target Support Files/Pods-Bankpf/Pods-Bankpf.debug.xcconfig"; sourceTree = "<group>"; };
		F82B4FBB2835B648003236A0 /* TermsPolicy.swift */ = {isa = PBXFileReference; lastKnownFileType = sourcecode.swift; path = TermsPolicy.swift; sourceTree = "<group>"; };
		F82B4FBD2835C8A8003236A0 /* CreateAccount.swift */ = {isa = PBXFileReference; lastKnownFileType = sourcecode.swift; path = CreateAccount.swift; sourceTree = "<group>"; };
		F82B4FBF2835C8DC003236A0 /* ClientBankpf.swift */ = {isa = PBXFileReference; lastKnownFileType = sourcecode.swift; path = ClientBankpf.swift; sourceTree = "<group>"; };
		F82D368C2833C53C009405C7 /* Buttons.swift */ = {isa = PBXFileReference; lastKnownFileType = sourcecode.swift; path = Buttons.swift; sourceTree = "<group>"; };
		F83DB306283C375200708F3D /* TextField.swift */ = {isa = PBXFileReference; lastKnownFileType = sourcecode.swift; path = TextField.swift; sourceTree = "<group>"; };
		F83DB308283C54DD00708F3D /* EsqueciSenha.swift */ = {isa = PBXFileReference; lastKnownFileType = sourcecode.swift; path = EsqueciSenha.swift; sourceTree = "<group>"; };
		F83DB30A283C5CCD00708F3D /* SuccessSenha.swift */ = {isa = PBXFileReference; lastKnownFileType = sourcecode.swift; path = SuccessSenha.swift; sourceTree = "<group>"; };
		F83DB30C283C5CEC00708F3D /* ErrorAccount.swift */ = {isa = PBXFileReference; lastKnownFileType = sourcecode.swift; path = ErrorAccount.swift; sourceTree = "<group>"; };
		F83E882F2833079D00163411 /* Bankpf.app */ = {isa = PBXFileReference; explicitFileType = wrapper.application; includeInIndex = 0; path = Bankpf.app; sourceTree = BUILT_PRODUCTS_DIR; };
		F83E88322833079D00163411 /* AppDelegate.swift */ = {isa = PBXFileReference; lastKnownFileType = sourcecode.swift; path = AppDelegate.swift; sourceTree = "<group>"; };
		F83E88342833079D00163411 /* SceneDelegate.swift */ = {isa = PBXFileReference; lastKnownFileType = sourcecode.swift; path = SceneDelegate.swift; sourceTree = "<group>"; };
		F83E88362833079D00163411 /* Splash.swift */ = {isa = PBXFileReference; lastKnownFileType = sourcecode.swift; path = Splash.swift; sourceTree = "<group>"; };
		F83E88392833079D00163411 /* Base */ = {isa = PBXFileReference; lastKnownFileType = file.storyboard; name = Base; path = Base.lproj/Main.storyboard; sourceTree = "<group>"; };
		F83E883B2833079F00163411 /* Assets.xcassets */ = {isa = PBXFileReference; lastKnownFileType = folder.assetcatalog; path = Assets.xcassets; sourceTree = "<group>"; };
		F83E883E2833079F00163411 /* Base */ = {isa = PBXFileReference; lastKnownFileType = file.storyboard; name = Base; path = Base.lproj/LaunchScreen.storyboard; sourceTree = "<group>"; };
		F83E88402833079F00163411 /* Info.plist */ = {isa = PBXFileReference; lastKnownFileType = text.plist.xml; path = Info.plist; sourceTree = "<group>"; };
		F843A85B28330E99000BD260 /* Colors.swift */ = {isa = PBXFileReference; lastKnownFileType = sourcecode.swift; path = Colors.swift; sourceTree = "<group>"; };
		F85A94E72837D4E500DD3783 /* Images.swift */ = {isa = PBXFileReference; lastKnownFileType = sourcecode.swift; path = Images.swift; sourceTree = "<group>"; };
		F85A94E92837D52D00DD3783 /* CollectionViewCell.swift */ = {isa = PBXFileReference; lastKnownFileType = sourcecode.swift; path = CollectionViewCell.swift; sourceTree = "<group>"; };
		F8A49519283308BD007F0CFE /* PreLogin.swift */ = {isa = PBXFileReference; lastKnownFileType = sourcecode.swift; path = PreLogin.swift; sourceTree = "<group>"; };
		F8AE1DA62840734A00774DDB /* ValidatesAccount.swift */ = {isa = PBXFileReference; lastKnownFileType = sourcecode.swift; path = ValidatesAccount.swift; sourceTree = "<group>"; };
		F8AE1DAA284076C000774DDB /* SuccessCreateAccount.swift */ = {isa = PBXFileReference; lastKnownFileType = sourcecode.swift; path = SuccessCreateAccount.swift; sourceTree = "<group>"; };
		F8DF12F4284042D400856212 /* PorqueDados.swift */ = {isa = PBXFileReference; lastKnownFileType = sourcecode.swift; path = PorqueDados.swift; sourceTree = "<group>"; };
		F8E62708283F170000DA1FEF /* TextFieldSenhas.swift */ = {isa = PBXFileReference; lastKnownFileType = sourcecode.swift; path = TextFieldSenhas.swift; sourceTree = "<group>"; };
		F8F6FDB928333034001B4338 /* Transferencias.swift */ = {isa = PBXFileReference; lastKnownFileType = sourcecode.swift; path = Transferencias.swift; sourceTree = "<group>"; };
		F8F6FDBB28333066001B4338 /* SobreNos.swift */ = {isa = PBXFileReference; lastKnownFileType = sourcecode.swift; path = SobreNos.swift; sourceTree = "<group>"; };
		F8F6FDBD28333089001B4338 /* Agencias.swift */ = {isa = PBXFileReference; lastKnownFileType = sourcecode.swift; path = Agencias.swift; sourceTree = "<group>"; };
/* End PBXFileReference section */

/* Begin PBXFrameworksBuildPhase section */
		F83E882C2833079D00163411 /* Frameworks */ = {
			isa = PBXFrameworksBuildPhase;
			buildActionMask = 2147483647;
			files = (
				BE16128B53C3034FCEEE39D9 /* Pods_Bankpf.framework in Frameworks */,
			);
			runOnlyForDeploymentPostprocessing = 0;
		};
/* End PBXFrameworksBuildPhase section */

/* Begin PBXGroup section */
		980069582F18D502CA61D430 /* Frameworks */ = {
			isa = PBXGroup;
			children = (
				94FD336EE1B471A60D5EF0E1 /* Pods_Bankpf.framework */,
			);
			name = Frameworks;
			sourceTree = "<group>";
		};
		DE6F7E644AAA017D1FFD7089 /* Pods */ = {
			isa = PBXGroup;
			children = (
				C50E7AC751586CA4EB17DF4D /* Pods-Bankpf.debug.xcconfig */,
				ABA36F5B84526A704618C80F /* Pods-Bankpf.release.xcconfig */,
			);
			path = Pods;
			sourceTree = "<group>";
		};
		F83DB304283C32F000708F3D /* Cadastrar */ = {
			isa = PBXGroup;
			children = (
				F82B4FBD2835C8A8003236A0 /* CreateAccount.swift */,
				F8DF12F4284042D400856212 /* PorqueDados.swift */,
				F8AE1DAA284076C000774DDB /* SuccessCreateAccount.swift */,
			);
			path = Cadastrar;
			sourceTree = "<group>";
		};
		F83DB305283C331400708F3D /* Entrar */ = {
			isa = PBXGroup;
			children = (
				F82B4FBF2835C8DC003236A0 /* ClientBankpf.swift */,
				F83DB308283C54DD00708F3D /* EsqueciSenha.swift */,
				F83DB30A283C5CCD00708F3D /* SuccessSenha.swift */,
			);
			path = Entrar;
			sourceTree = "<group>";
		};
		F83E88262833079D00163411 = {
			isa = PBXGroup;
			children = (
				F83E88312833079D00163411 /* Bankpf */,
				F83E88302833079D00163411 /* Products */,
				DE6F7E644AAA017D1FFD7089 /* Pods */,
				980069582F18D502CA61D430 /* Frameworks */,
			);
			sourceTree = "<group>";
		};
		F83E88302833079D00163411 /* Products */ = {
			isa = PBXGroup;
			children = (
				F83E882F2833079D00163411 /* Bankpf.app */,
			);
			name = Products;
			sourceTree = "<group>";
		};
		F83E88312833079D00163411 /* Bankpf */ = {
			isa = PBXGroup;
			children = (
				F8A4951628330885007F0CFE /* Controller */,
				F8A495152833086E007F0CFE /* View */,
				F8A4951428330854007F0CFE /* Utils */,
				F8A4951328330809007F0CFE /* Resources */,
			);
			path = Bankpf;
			sourceTree = "<group>";
		};
		F8A4951328330809007F0CFE /* Resources */ = {
			isa = PBXGroup;
			children = (
				F83E88322833079D00163411 /* AppDelegate.swift */,
				F83E88342833079D00163411 /* SceneDelegate.swift */,
			);
			path = Resources;
			sourceTree = "<group>";
		};
		F8A4951428330854007F0CFE /* Utils */ = {
			isa = PBXGroup;
			children = (
				F83E883B2833079F00163411 /* Assets.xcassets */,
				F82D368C2833C53C009405C7 /* Buttons.swift */,
				F843A85B28330E99000BD260 /* Colors.swift */,
				F83DB30C283C5CEC00708F3D /* ErrorAccount.swift */,
				F83E88402833079F00163411 /* Info.plist */,
				F83DB306283C375200708F3D /* TextField.swift */,
				F8E62708283F170000DA1FEF /* TextFieldSenhas.swift */,
				F8AE1DA62840734A00774DDB /* ValidatesAccount.swift */,
			);
			path = Utils;
			sourceTree = "<group>";
		};
		F8A495152833086E007F0CFE /* View */ = {
			isa = PBXGroup;
			children = (
				F83E88382833079D00163411 /* Main.storyboard */,
				F83E883D2833079F00163411 /* LaunchScreen.storyboard */,
			);
			path = View;
			sourceTree = "<group>";
		};
		F8A4951628330885007F0CFE /* Controller */ = {
			isa = PBXGroup;
			children = (
				F8A49518283308AB007F0CFE /* Pré-Login */,
				F8A49517283308A0007F0CFE /* Splash */,
			);
			path = Controller;
			sourceTree = "<group>";
		};
		F8A49517283308A0007F0CFE /* Splash */ = {
			isa = PBXGroup;
			children = (
				F83E88362833079D00163411 /* Splash.swift */,
			);
			path = Splash;
			sourceTree = "<group>";
		};
		F8A49518283308AB007F0CFE /* Pré-Login */ = {
			isa = PBXGroup;
			children = (
				F83DB305283C331400708F3D /* Entrar */,
				F8AEDE4F2837D15F006D5AF4 /* Agencias */,
				F83DB304283C32F000708F3D /* Cadastrar */,
				F8A49519283308BD007F0CFE /* PreLogin.swift */,
				F8AEDE4E2837D124006D5AF4 /* Sobre nós */,
				F8AEDE4D2837D10D006D5AF4 /* Transferencias */,
			);
			name = "Pré-Login";
			path = "Pré-Login";
			sourceTree = "<group>";
		};
		F8AEDE4D2837D10D006D5AF4 /* Transferencias */ = {
			isa = PBXGroup;
			children = (
				F85A94E92837D52D00DD3783 /* CollectionViewCell.swift */,
				F85A94E72837D4E500DD3783 /* Images.swift */,
				F8F6FDB928333034001B4338 /* Transferencias.swift */,
			);
			path = Transferencias;
			sourceTree = "<group>";
		};
		F8AEDE4E2837D124006D5AF4 /* Sobre nós */ = {
			isa = PBXGroup;
			children = (
				F8F6FDBB28333066001B4338 /* SobreNos.swift */,
				F82B4FBB2835B648003236A0 /* TermsPolicy.swift */,
			);
			name = "Sobre nós";
			path = "Sobre nós";
			sourceTree = "<group>";
		};
		F8AEDE4F2837D15F006D5AF4 /* Agencias */ = {
			isa = PBXGroup;
			children = (
				F8F6FDBD28333089001B4338 /* Agencias.swift */,
			);
			path = Agencias;
			sourceTree = "<group>";
		};
/* End PBXGroup section */

/* Begin PBXNativeTarget section */
		F83E882E2833079D00163411 /* Bankpf */ = {
			isa = PBXNativeTarget;
			buildConfigurationList = F83E88432833079F00163411 /* Build configuration list for PBXNativeTarget "Bankpf" */;
			buildPhases = (
				38774242D5FCB606F280F22C /* [CP] Check Pods Manifest.lock */,
				F83E882B2833079D00163411 /* Sources */,
				F83E882C2833079D00163411 /* Frameworks */,
				F83E882D2833079D00163411 /* Resources */,
				9E9A8CB40A28B1DAB84E5130 /* [CP] Embed Pods Frameworks */,
			);
			buildRules = (
			);
			dependencies = (
			);
			name = Bankpf;
			productName = Bankpf;
			productReference = F83E882F2833079D00163411 /* Bankpf.app */;
			productType = "com.apple.product-type.application";
		};
/* End PBXNativeTarget section */

/* Begin PBXProject section */
		F83E88272833079D00163411 /* Project object */ = {
			isa = PBXProject;
			attributes = {
				BuildIndependentTargetsInParallel = 1;
				LastSwiftUpdateCheck = 1320;
				LastUpgradeCheck = 1320;
				TargetAttributes = {
					F83E882E2833079D00163411 = {
						CreatedOnToolsVersion = 13.2.1;
					};
				};
			};
			buildConfigurationList = F83E882A2833079D00163411 /* Build configuration list for PBXProject "Bankpf" */;
			compatibilityVersion = "Xcode 13.0";
			developmentRegion = en;
			hasScannedForEncodings = 0;
			knownRegions = (
				en,
				Base,
			);
			mainGroup = F83E88262833079D00163411;
			productRefGroup = F83E88302833079D00163411 /* Products */;
			projectDirPath = "";
			projectRoot = "";
			targets = (
				F83E882E2833079D00163411 /* Bankpf */,
			);
		};
/* End PBXProject section */

/* Begin PBXResourcesBuildPhase section */
		F83E882D2833079D00163411 /* Resources */ = {
			isa = PBXResourcesBuildPhase;
			buildActionMask = 2147483647;
			files = (
				F83E883F2833079F00163411 /* LaunchScreen.storyboard in Resources */,
				F83E883C2833079F00163411 /* Assets.xcassets in Resources */,
				F83E883A2833079D00163411 /* Main.storyboard in Resources */,
			);
			runOnlyForDeploymentPostprocessing = 0;
		};
/* End PBXResourcesBuildPhase section */

/* Begin PBXShellScriptBuildPhase section */
		38774242D5FCB606F280F22C /* [CP] Check Pods Manifest.lock */ = {
			isa = PBXShellScriptBuildPhase;
			buildActionMask = 2147483647;
			files = (
			);
			inputFileListPaths = (
			);
			inputPaths = (
				"${PODS_PODFILE_DIR_PATH}/Podfile.lock",
				"${PODS_ROOT}/Manifest.lock",
			);
			name = "[CP] Check Pods Manifest.lock";
			outputFileListPaths = (
			);
			outputPaths = (
				"$(DERIVED_FILE_DIR)/Pods-Bankpf-checkManifestLockResult.txt",
			);
			runOnlyForDeploymentPostprocessing = 0;
			shellPath = /bin/sh;
			shellScript = "diff \"${PODS_PODFILE_DIR_PATH}/Podfile.lock\" \"${PODS_ROOT}/Manifest.lock\" > /dev/null\nif [ $? != 0 ] ; then\n    # print error to STDERR\n    echo \"error: The sandbox is not in sync with the Podfile.lock. Run 'pod install' or update your CocoaPods installation.\" >&2\n    exit 1\nfi\n# This output is used by Xcode 'outputs' to avoid re-running this script phase.\necho \"SUCCESS\" > \"${SCRIPT_OUTPUT_FILE_0}\"\n";
			showEnvVarsInLog = 0;
		};
		9E9A8CB40A28B1DAB84E5130 /* [CP] Embed Pods Frameworks */ = {
			isa = PBXShellScriptBuildPhase;
			buildActionMask = 2147483647;
			files = (
			);
			inputFileListPaths = (
				"${PODS_ROOT}/Target Support Files/Pods-Bankpf/Pods-Bankpf-frameworks-${CONFIGURATION}-input-files.xcfilelist",
			);
			name = "[CP] Embed Pods Frameworks";
			outputFileListPaths = (
				"${PODS_ROOT}/Target Support Files/Pods-Bankpf/Pods-Bankpf-frameworks-${CONFIGURATION}-output-files.xcfilelist",
			);
			runOnlyForDeploymentPostprocessing = 0;
			shellPath = /bin/sh;
			shellScript = "\"${PODS_ROOT}/Target Support Files/Pods-Bankpf/Pods-Bankpf-frameworks.sh\"\n";
			showEnvVarsInLog = 0;
		};
/* End PBXShellScriptBuildPhase section */

/* Begin PBXSourcesBuildPhase section */
		F83E882B2833079D00163411 /* Sources */ = {
			isa = PBXSourcesBuildPhase;
			buildActionMask = 2147483647;
			files = (
				F82D368D2833C53C009405C7 /* Buttons.swift in Sources */,
				F83E88372833079D00163411 /* Splash.swift in Sources */,
				F82B4FC02835C8DC003236A0 /* ClientBankpf.swift in Sources */,
				F83DB307283C375200708F3D /* TextField.swift in Sources */,
				F843A85C28330E99000BD260 /* Colors.swift in Sources */,
				F8E62709283F170000DA1FEF /* TextFieldSenhas.swift in Sources */,
				F85A94E82837D4E500DD3783 /* Images.swift in Sources */,
				F8AE1DA72840734A00774DDB /* ValidatesAccount.swift in Sources */,
				F8DF12F5284042D400856212 /* PorqueDados.swift in Sources */,
				F8F6FDBC28333066001B4338 /* SobreNos.swift in Sources */,
				F8A4951A283308BD007F0CFE /* PreLogin.swift in Sources */,
				F82B4FBC2835B648003236A0 /* TermsPolicy.swift in Sources */,
				F83DB30B283C5CCD00708F3D /* SuccessSenha.swift in Sources */,
				F8F6FDBE28333089001B4338 /* Agencias.swift in Sources */,
				F8F6FDBA28333034001B4338 /* Transferencias.swift in Sources */,
				F8AE1DAB284076C000774DDB /* SuccessCreateAccount.swift in Sources */,
				F83DB309283C54DD00708F3D /* EsqueciSenha.swift in Sources */,
				F85A94EA2837D52D00DD3783 /* CollectionViewCell.swift in Sources */,
				F82B4FBE2835C8A8003236A0 /* CreateAccount.swift in Sources */,
				F83E88332833079D00163411 /* AppDelegate.swift in Sources */,
				F83DB30D283C5CEC00708F3D /* ErrorAccount.swift in Sources */,
				F83E88352833079D00163411 /* SceneDelegate.swift in Sources */,
			);
			runOnlyForDeploymentPostprocessing = 0;
		};
/* End PBXSourcesBuildPhase section */

/* Begin PBXVariantGroup section */
		F83E88382833079D00163411 /* Main.storyboard */ = {
			isa = PBXVariantGroup;
			children = (
				F83E88392833079D00163411 /* Base */,
			);
			name = Main.storyboard;
			sourceTree = "<group>";
		};
		F83E883D2833079F00163411 /* LaunchScreen.storyboard */ = {
			isa = PBXVariantGroup;
			children = (
				F83E883E2833079F00163411 /* Base */,
			);
			name = LaunchScreen.storyboard;
			sourceTree = "<group>";
		};
/* End PBXVariantGroup section */

/* Begin XCBuildConfiguration section */
		F83E88412833079F00163411 /* Debug */ = {
			isa = XCBuildConfiguration;
			buildSettings = {
				ALWAYS_SEARCH_USER_PATHS = NO;
				CLANG_ANALYZER_NONNULL = YES;
				CLANG_ANALYZER_NUMBER_OBJECT_CONVERSION = YES_AGGRESSIVE;
				CLANG_CXX_LANGUAGE_STANDARD = "gnu++17";
				CLANG_CXX_LIBRARY = "libc++";
				CLANG_ENABLE_MODULES = YES;
				CLANG_ENABLE_OBJC_ARC = YES;
				CLANG_ENABLE_OBJC_WEAK = YES;
				CLANG_WARN_BLOCK_CAPTURE_AUTORELEASING = YES;
				CLANG_WARN_BOOL_CONVERSION = YES;
				CLANG_WARN_COMMA = YES;
				CLANG_WARN_CONSTANT_CONVERSION = YES;
				CLANG_WARN_DEPRECATED_OBJC_IMPLEMENTATIONS = YES;
				CLANG_WARN_DIRECT_OBJC_ISA_USAGE = YES_ERROR;
				CLANG_WARN_DOCUMENTATION_COMMENTS = YES;
				CLANG_WARN_EMPTY_BODY = YES;
				CLANG_WARN_ENUM_CONVERSION = YES;
				CLANG_WARN_INFINITE_RECURSION = YES;
				CLANG_WARN_INT_CONVERSION = YES;
				CLANG_WARN_NON_LITERAL_NULL_CONVERSION = YES;
				CLANG_WARN_OBJC_IMPLICIT_RETAIN_SELF = YES;
				CLANG_WARN_OBJC_LITERAL_CONVERSION = YES;
				CLANG_WARN_OBJC_ROOT_CLASS = YES_ERROR;
				CLANG_WARN_QUOTED_INCLUDE_IN_FRAMEWORK_HEADER = YES;
				CLANG_WARN_RANGE_LOOP_ANALYSIS = YES;
				CLANG_WARN_STRICT_PROTOTYPES = YES;
				CLANG_WARN_SUSPICIOUS_MOVE = YES;
				CLANG_WARN_UNGUARDED_AVAILABILITY = YES_AGGRESSIVE;
				CLANG_WARN_UNREACHABLE_CODE = YES;
				CLANG_WARN__DUPLICATE_METHOD_MATCH = YES;
				COPY_PHASE_STRIP = NO;
				DEBUG_INFORMATION_FORMAT = dwarf;
				ENABLE_STRICT_OBJC_MSGSEND = YES;
				ENABLE_TESTABILITY = YES;
				GCC_C_LANGUAGE_STANDARD = gnu11;
				GCC_DYNAMIC_NO_PIC = NO;
				GCC_NO_COMMON_BLOCKS = YES;
				GCC_OPTIMIZATION_LEVEL = 0;
				GCC_PREPROCESSOR_DEFINITIONS = (
					"DEBUG=1",
					"$(inherited)",
				);
				GCC_WARN_64_TO_32_BIT_CONVERSION = YES;
				GCC_WARN_ABOUT_RETURN_TYPE = YES_ERROR;
				GCC_WARN_UNDECLARED_SELECTOR = YES;
				GCC_WARN_UNINITIALIZED_AUTOS = YES_AGGRESSIVE;
				GCC_WARN_UNUSED_FUNCTION = YES;
				GCC_WARN_UNUSED_VARIABLE = YES;
				IPHONEOS_DEPLOYMENT_TARGET = 15.2;
				MTL_ENABLE_DEBUG_INFO = INCLUDE_SOURCE;
				MTL_FAST_MATH = YES;
				ONLY_ACTIVE_ARCH = YES;
				SDKROOT = iphoneos;
				SWIFT_ACTIVE_COMPILATION_CONDITIONS = DEBUG;
				SWIFT_OPTIMIZATION_LEVEL = "-Onone";
			};
			name = Debug;
		};
		F83E88422833079F00163411 /* Release */ = {
			isa = XCBuildConfiguration;
			buildSettings = {
				ALWAYS_SEARCH_USER_PATHS = NO;
				CLANG_ANALYZER_NONNULL = YES;
				CLANG_ANALYZER_NUMBER_OBJECT_CONVERSION = YES_AGGRESSIVE;
				CLANG_CXX_LANGUAGE_STANDARD = "gnu++17";
				CLANG_CXX_LIBRARY = "libc++";
				CLANG_ENABLE_MODULES = YES;
				CLANG_ENABLE_OBJC_ARC = YES;
				CLANG_ENABLE_OBJC_WEAK = YES;
				CLANG_WARN_BLOCK_CAPTURE_AUTORELEASING = YES;
				CLANG_WARN_BOOL_CONVERSION = YES;
				CLANG_WARN_COMMA = YES;
				CLANG_WARN_CONSTANT_CONVERSION = YES;
				CLANG_WARN_DEPRECATED_OBJC_IMPLEMENTATIONS = YES;
				CLANG_WARN_DIRECT_OBJC_ISA_USAGE = YES_ERROR;
				CLANG_WARN_DOCUMENTATION_COMMENTS = YES;
				CLANG_WARN_EMPTY_BODY = YES;
				CLANG_WARN_ENUM_CONVERSION = YES;
				CLANG_WARN_INFINITE_RECURSION = YES;
				CLANG_WARN_INT_CONVERSION = YES;
				CLANG_WARN_NON_LITERAL_NULL_CONVERSION = YES;
				CLANG_WARN_OBJC_IMPLICIT_RETAIN_SELF = YES;
				CLANG_WARN_OBJC_LITERAL_CONVERSION = YES;
				CLANG_WARN_OBJC_ROOT_CLASS = YES_ERROR;
				CLANG_WARN_QUOTED_INCLUDE_IN_FRAMEWORK_HEADER = YES;
				CLANG_WARN_RANGE_LOOP_ANALYSIS = YES;
				CLANG_WARN_STRICT_PROTOTYPES = YES;
				CLANG_WARN_SUSPICIOUS_MOVE = YES;
				CLANG_WARN_UNGUARDED_AVAILABILITY = YES_AGGRESSIVE;
				CLANG_WARN_UNREACHABLE_CODE = YES;
				CLANG_WARN__DUPLICATE_METHOD_MATCH = YES;
				COPY_PHASE_STRIP = NO;
				DEBUG_INFORMATION_FORMAT = "dwarf-with-dsym";
				ENABLE_NS_ASSERTIONS = NO;
				ENABLE_STRICT_OBJC_MSGSEND = YES;
				GCC_C_LANGUAGE_STANDARD = gnu11;
				GCC_NO_COMMON_BLOCKS = YES;
				GCC_WARN_64_TO_32_BIT_CONVERSION = YES;
				GCC_WARN_ABOUT_RETURN_TYPE = YES_ERROR;
				GCC_WARN_UNDECLARED_SELECTOR = YES;
				GCC_WARN_UNINITIALIZED_AUTOS = YES_AGGRESSIVE;
				GCC_WARN_UNUSED_FUNCTION = YES;
				GCC_WARN_UNUSED_VARIABLE = YES;
				IPHONEOS_DEPLOYMENT_TARGET = 15.2;
				MTL_ENABLE_DEBUG_INFO = NO;
				MTL_FAST_MATH = YES;
				SDKROOT = iphoneos;
				SWIFT_COMPILATION_MODE = wholemodule;
				SWIFT_OPTIMIZATION_LEVEL = "-O";
				VALIDATE_PRODUCT = YES;
			};
			name = Release;
		};
		F83E88442833079F00163411 /* Debug */ = {
			isa = XCBuildConfiguration;
			baseConfigurationReference = C50E7AC751586CA4EB17DF4D /* Pods-Bankpf.debug.xcconfig */;
			buildSettings = {
				ASSETCATALOG_COMPILER_APPICON_NAME = AppIcon;
				ASSETCATALOG_COMPILER_GLOBAL_ACCENT_COLOR_NAME = AccentColor;
				CODE_SIGN_IDENTITY = "iPhone Distribution";
				CODE_SIGN_STYLE = Manual;
				CURRENT_PROJECT_VERSION = 1;
				DEVELOPMENT_TEAM = GD8E6FY3R6;
				GENERATE_INFOPLIST_FILE = YES;
				INFOPLIST_FILE = Bankpf/Utils/Info.plist;
				INFOPLIST_KEY_NSLocationWhenInUseUsageDescription = "Por favor, o bankpf precisa de acesso à sua localização";
				INFOPLIST_KEY_UIApplicationSupportsIndirectInputEvents = YES;
				INFOPLIST_KEY_UILaunchStoryboardName = LaunchScreen;
				INFOPLIST_KEY_UIMainStoryboardFile = Main;
				INFOPLIST_KEY_UISupportedInterfaceOrientations_iPad = "UIInterfaceOrientationPortrait UIInterfaceOrientationPortraitUpsideDown UIInterfaceOrientationLandscapeLeft UIInterfaceOrientationLandscapeRight";
				INFOPLIST_KEY_UISupportedInterfaceOrientations_iPhone = "UIInterfaceOrientationPortrait UIInterfaceOrientationLandscapeLeft UIInterfaceOrientationLandscapeRight";
				INFOPLIST_KEY_UIUserInterfaceStyle = Light;
				LD_RUNPATH_SEARCH_PATHS = (
					"$(inherited)",
					"@executable_path/Frameworks",
				);
				MARKETING_VERSION = 1.0;
				PRODUCT_BUNDLE_IDENTIFIER = br.com.santander.enterprise.ecomigosantander;
				PRODUCT_NAME = "$(TARGET_NAME)";
				PROVISIONING_PROFILE_SPECIFIER = "Santander E Comigo Enterprise Distribution";
				SWIFT_EMIT_LOC_STRINGS = YES;
				SWIFT_VERSION = 5.0;
				TARGETED_DEVICE_FAMILY = "1,2";
			};
			name = Debug;
		};
		F83E88452833079F00163411 /* Release */ = {
			isa = XCBuildConfiguration;
			baseConfigurationReference = ABA36F5B84526A704618C80F /* Pods-Bankpf.release.xcconfig */;
			buildSettings = {
				ASSETCATALOG_COMPILER_APPICON_NAME = AppIcon;
				ASSETCATALOG_COMPILER_GLOBAL_ACCENT_COLOR_NAME = AccentColor;
				CODE_SIGN_IDENTITY = "iPhone Distribution";
				CODE_SIGN_STYLE = Manual;
				CURRENT_PROJECT_VERSION = 1;
				DEVELOPMENT_TEAM = GD8E6FY3R6;
				GENERATE_INFOPLIST_FILE = YES;
				INFOPLIST_FILE = Bankpf/Utils/Info.plist;
				INFOPLIST_KEY_NSLocationWhenInUseUsageDescription = "Por favor, o bankpf precisa de acesso à sua localização";
				INFOPLIST_KEY_UIApplicationSupportsIndirectInputEvents = YES;
				INFOPLIST_KEY_UILaunchStoryboardName = LaunchScreen;
				INFOPLIST_KEY_UIMainStoryboardFile = Main;
				INFOPLIST_KEY_UISupportedInterfaceOrientations_iPad = "UIInterfaceOrientationPortrait UIInterfaceOrientationPortraitUpsideDown UIInterfaceOrientationLandscapeLeft UIInterfaceOrientationLandscapeRight";
				INFOPLIST_KEY_UISupportedInterfaceOrientations_iPhone = "UIInterfaceOrientationPortrait UIInterfaceOrientationLandscapeLeft UIInterfaceOrientationLandscapeRight";
				INFOPLIST_KEY_UIUserInterfaceStyle = Light;
				LD_RUNPATH_SEARCH_PATHS = (
					"$(inherited)",
					"@executable_path/Frameworks",
				);
				MARKETING_VERSION = 1.0;
				PRODUCT_BUNDLE_IDENTIFIER = br.com.santander.enterprise.ecomigosantander;
				PRODUCT_NAME = "$(TARGET_NAME)";
				PROVISIONING_PROFILE_SPECIFIER = "Santander E Comigo Enterprise Distribution";
				SWIFT_EMIT_LOC_STRINGS = YES;
				SWIFT_VERSION = 5.0;
				TARGETED_DEVICE_FAMILY = "1,2";
			};
			name = Release;
		};
/* End XCBuildConfiguration section */

/* Begin XCConfigurationList section */
		F83E882A2833079D00163411 /* Build configuration list for PBXProject "Bankpf" */ = {
			isa = XCConfigurationList;
			buildConfigurations = (
				F83E88412833079F00163411 /* Debug */,
				F83E88422833079F00163411 /* Release */,
			);
			defaultConfigurationIsVisible = 0;
			defaultConfigurationName = Release;
		};
		F83E88432833079F00163411 /* Build configuration list for PBXNativeTarget "Bankpf" */ = {
			isa = XCConfigurationList;
			buildConfigurations = (
				F83E88442833079F00163411 /* Debug */,
				F83E88452833079F00163411 /* Release */,
			);
			defaultConfigurationIsVisible = 0;
			defaultConfigurationName = Release;
		};
/* End XCConfigurationList section */
	};
	rootObject = F83E88272833079D00163411 /* Project object */;
}
